
Microsoft Visual Studio Solution File, Format Version 12.00
# Visual Studio Version 16
VisualStudioVersion = 16.0.31911.196
MinimumVisualStudioVersion = 10.0.40219.1
Project("{FAE04EC0-301F-11D3-BF4B-00C04F79EFBC}") = "GatewayAPI", "GatewayAPI\GatewayAPI.csproj", "{CA0088AA-52B7-4971-8023-104F7E2D088C}"
EndProject
Global
	GlobalSection(SolutionConfigurationPlatforms) = preSolution
		Debug|Any CPU = Debug|Any CPU
		Release|Any CPU = Release|Any CPU
	EndGlobalSection
	GlobalSection(ProjectConfigurationPlatforms) = postSolution
		{CA0088AA-52B7-4971-8023-104F7E2D088C}.Debug|Any CPU.ActiveCfg = Debug|Any CPU
		{CA0088AA-52B7-4971-8023-104F7E2D088C}.Debug|Any CPU.Build.0 = Debug|Any CPU
		{CA0088AA-52B7-4971-8023-104F7E2D088C}.Release|Any CPU.ActiveCfg = Release|Any CPU
		{CA0088AA-52B7-4971-8023-104F7E2D088C}.Release|Any CPU.Build.0 = Release|Any CPU
	EndGlobalSection
	GlobalSection(SolutionProperties) = preSolution
		HideSolutionNode = FALSE
	EndGlobalSection
	GlobalSection(ExtensibilityGlobals) = postSolution
		SolutionGuid = {7B821044-20BF-4D18-B5E9-7CE0777C6239}
	EndGlobalSection
EndGlobal
