
Microsoft Visual Studio Solution File, Format Version 12.00
# Visual Studio Version 16
VisualStudioVersion = 16.0.31911.196
MinimumVisualStudioVersion = 10.0.40219.1
Project("{9A19103F-16F7-4668-BE54-9A1E7A4F7556}") = "RevisionApplication", "RevisionApplication.csproj", "{7FAEB6D9-551E-4363-9687-50BA620097E0}"
EndProject
Project("{FAE04EC0-301F-11D3-BF4B-00C04F79EFBC}") = "RevisionTest", "..\RevisionTest\RevisionTest.csproj", "{2EA259F5-D4F3-4CC9-99DC-6D5CB2F1F233}"
EndProject
Global
	GlobalSection(SolutionConfigurationPlatforms) = preSolution
		Debug|Any CPU = Debug|Any CPU
		Release|Any CPU = Release|Any CPU
	EndGlobalSection
	GlobalSection(ProjectConfigurationPlatforms) = postSolution
		{7FAEB6D9-551E-4363-9687-50BA620097E0}.Debug|Any CPU.ActiveCfg = Debug|Any CPU
		{7FAEB6D9-551E-4363-9687-50BA620097E0}.Debug|Any CPU.Build.0 = Debug|Any CPU
		{7FAEB6D9-551E-4363-9687-50BA620097E0}.Release|Any CPU.ActiveCfg = Release|Any CPU
		{7FAEB6D9-551E-4363-9687-50BA620097E0}.Release|Any CPU.Build.0 = Release|Any CPU
		{2EA259F5-D4F3-4CC9-99DC-6D5CB2F1F233}.Debug|Any CPU.ActiveCfg = Debug|Any CPU
		{2EA259F5-D4F3-4CC9-99DC-6D5CB2F1F233}.Debug|Any CPU.Build.0 = Debug|Any CPU
		{2EA259F5-D4F3-4CC9-99DC-6D5CB2F1F233}.Release|Any CPU.ActiveCfg = Release|Any CPU
		{2EA259F5-D4F3-4CC9-99DC-6D5CB2F1F233}.Release|Any CPU.Build.0 = Release|Any CPU
	EndGlobalSection
	GlobalSection(SolutionProperties) = preSolution
		HideSolutionNode = FALSE
	EndGlobalSection
	GlobalSection(ExtensibilityGlobals) = postSolution
		SolutionGuid = {3FFB7D8B-E75B-45B5-B400-6673ABAE0DFC}
	EndGlobalSection
EndGlobal
